// !$*UTF8*$!
{
	archiveVersion = 1;
	classes = {
	};
	objectVersion = 55;
	objects = {

/* Begin PBXBuildFile section */
		C19C6425288FEECC00EC39D0 /* AppDelegate.swift in Sources */ = {isa = PBXBuildFile; fileRef = C19C6424288FEECC00EC39D0 /* AppDelegate.swift */; };
		C19C6427288FEECC00EC39D0 /* SceneDelegate.swift in Sources */ = {isa = PBXBuildFile; fileRef = C19C6426288FEECC00EC39D0 /* SceneDelegate.swift */; };
		C19C6429288FEECC00EC39D0 /* ViewController.swift in Sources */ = {isa = PBXBuildFile; fileRef = C19C6428288FEECC00EC39D0 /* ViewController.swift */; };
		C19C642C288FEECC00EC39D0 /* Main.storyboard in Resources */ = {isa = PBXBuildFile; fileRef = C19C642A288FEECC00EC39D0 /* Main.storyboard */; };
		C19C642E288FEECF00EC39D0 /* Assets.xcassets in Resources */ = {isa = PBXBuildFile; fileRef = C19C642D288FEECF00EC39D0 /* Assets.xcassets */; };
		C19C6431288FEECF00EC39D0 /* LaunchScreen.storyboard in Resources */ = {isa = PBXBuildFile; fileRef = C19C642F288FEECF00EC39D0 /* LaunchScreen.storyboard */; };
		C19C643C288FEED000EC39D0 /* MapboxTestTests.swift in Sources */ = {isa = PBXBuildFile; fileRef = C19C643B288FEED000EC39D0 /* MapboxTestTests.swift */; };
		C19C6446288FEED000EC39D0 /* MapboxTestUITests.swift in Sources */ = {isa = PBXBuildFile; fileRef = C19C6445288FEED000EC39D0 /* MapboxTestUITests.swift */; };
		C19C6448288FEED000EC39D0 /* MapboxTestUITestsLaunchTests.swift in Sources */ = {isa = PBXBuildFile; fileRef = C19C6447288FEED000EC39D0 /* MapboxTestUITestsLaunchTests.swift */; };
		C19C6456288FF68E00EC39D0 /* MapboxCoreNavigation in Frameworks */ = {isa = PBXBuildFile; productRef = C19C6455288FF68E00EC39D0 /* MapboxCoreNavigation */; };
		C19C6458288FF68E00EC39D0 /* MapboxNavigation in Frameworks */ = {isa = PBXBuildFile; productRef = C19C6457288FF68E00EC39D0 /* MapboxNavigation */; };
/* End PBXBuildFile section */

/* Begin PBXContainerItemProxy section */
		C19C6438288FEED000EC39D0 /* PBXContainerItemProxy */ = {
			isa = PBXContainerItemProxy;
			containerPortal = C19C6419288FEECC00EC39D0 /* Project object */;
			proxyType = 1;
			remoteGlobalIDString = C19C6420288FEECC00EC39D0;
			remoteInfo = MapboxTest;
		};
		C19C6442288FEED000EC39D0 /* PBXContainerItemProxy */ = {
			isa = PBXContainerItemProxy;
			containerPortal = C19C6419288FEECC00EC39D0 /* Project object */;
			proxyType = 1;
			remoteGlobalIDString = C19C6420288FEECC00EC39D0;
			remoteInfo = MapboxTest;
		};
/* End PBXContainerItemProxy section */

/* Begin PBXFileReference section */
		C19C6421288FEECC00EC39D0 /* MapboxTest.app */ = {isa = PBXFileReference; explicitFileType = wrapper.application; includeInIndex = 0; path = MapboxTest.app; sourceTree = BUILT_PRODUCTS_DIR; };
		C19C6424288FEECC00EC39D0 /* AppDelegate.swift */ = {isa = PBXFileReference; lastKnownFileType = sourcecode.swift; path = AppDelegate.swift; sourceTree = "<group>"; };
		C19C6426288FEECC00EC39D0 /* SceneDelegate.swift */ = {isa = PBXFileReference; lastKnownFileType = sourcecode.swift; path = SceneDelegate.swift; sourceTree = "<group>"; };
		C19C6428288FEECC00EC39D0 /* ViewController.swift */ = {isa = PBXFileReference; lastKnownFileType = sourcecode.swift; path = ViewController.swift; sourceTree = "<group>"; };
		C19C642B288FEECC00EC39D0 /* Base */ = {isa = PBXFileReference; lastKnownFileType = file.storyboard; name = Base; path = Base.lproj/Main.storyboard; sourceTree = "<group>"; };
		C19C642D288FEECF00EC39D0 /* Assets.xcassets */ = {isa = PBXFileReference; lastKnownFileType = folder.assetcatalog; path = Assets.xcassets; sourceTree = "<group>"; };
		C19C6430288FEECF00EC39D0 /* Base */ = {isa = PBXFileReference; lastKnownFileType = file.storyboard; name = Base; path = Base.lproj/LaunchScreen.storyboard; sourceTree = "<group>"; };
		C19C6432288FEECF00EC39D0 /* Info.plist */ = {isa = PBXFileReference; lastKnownFileType = text.plist.xml; path = Info.plist; sourceTree = "<group>"; };
		C19C6437288FEED000EC39D0 /* MapboxTestTests.xctest */ = {isa = PBXFileReference; explicitFileType = wrapper.cfbundle; includeInIndex = 0; path = MapboxTestTests.xctest; sourceTree = BUILT_PRODUCTS_DIR; };
		C19C643B288FEED000EC39D0 /* MapboxTestTests.swift */ = {isa = PBXFileReference; lastKnownFileType = sourcecode.swift; path = MapboxTestTests.swift; sourceTree = "<group>"; };
		C19C6441288FEED000EC39D0 /* MapboxTestUITests.xctest */ = {isa = PBXFileReference; explicitFileType = wrapper.cfbundle; includeInIndex = 0; path = MapboxTestUITests.xctest; sourceTree = BUILT_PRODUCTS_DIR; };
		C19C6445288FEED000EC39D0 /* MapboxTestUITests.swift */ = {isa = PBXFileReference; lastKnownFileType = sourcecode.swift; path = MapboxTestUITests.swift; sourceTree = "<group>"; };
		C19C6447288FEED000EC39D0 /* MapboxTestUITestsLaunchTests.swift */ = {isa = PBXFileReference; lastKnownFileType = sourcecode.swift; path = MapboxTestUITestsLaunchTests.swift; sourceTree = "<group>"; };
/* End PBXFileReference section */

/* Begin PBXFrameworksBuildPhase section */
		C19C641E288FEECC00EC39D0 /* Frameworks */ = {
			isa = PBXFrameworksBuildPhase;
			buildActionMask = 2147483647;
			files = (
				C19C6456288FF68E00EC39D0 /* MapboxCoreNavigation in Frameworks */,
				C19C6458288FF68E00EC39D0 /* MapboxNavigation in Frameworks */,
			);
			runOnlyForDeploymentPostprocessing = 0;
		};
		C19C6434288FEED000EC39D0 /* Frameworks */ = {
			isa = PBXFrameworksBuildPhase;
			buildActionMask = 2147483647;
			files = (
			);
			runOnlyForDeploymentPostprocessing = 0;
		};
		C19C643E288FEED000EC39D0 /* Frameworks */ = {
			isa = PBXFrameworksBuildPhase;
			buildActionMask = 2147483647;
			files = (
			);
			runOnlyForDeploymentPostprocessing = 0;
		};
/* End PBXFrameworksBuildPhase section */

/* Begin PBXGroup section */
		C19C6418288FEECC00EC39D0 = {
			isa = PBXGroup;
			children = (
				C19C6423288FEECC00EC39D0 /* MapboxTest */,
				C19C643A288FEED000EC39D0 /* MapboxTestTests */,
				C19C6444288FEED000EC39D0 /* MapboxTestUITests */,
				C19C6422288FEECC00EC39D0 /* Products */,
			);
			sourceTree = "<group>";
		};
		C19C6422288FEECC00EC39D0 /* Products */ = {
			isa = PBXGroup;
			children = (
				C19C6421288FEECC00EC39D0 /* MapboxTest.app */,
				C19C6437288FEED000EC39D0 /* MapboxTestTests.xctest */,
				C19C6441288FEED000EC39D0 /* MapboxTestUITests.xctest */,
			);
			name = Products;
			sourceTree = "<group>";
		};
		C19C6423288FEECC00EC39D0 /* MapboxTest */ = {
			isa = PBXGroup;
			children = (
				C19C6424288FEECC00EC39D0 /* AppDelegate.swift */,
				C19C6426288FEECC00EC39D0 /* SceneDelegate.swift */,
				C19C6428288FEECC00EC39D0 /* ViewController.swift */,
				C19C642A288FEECC00EC39D0 /* Main.storyboard */,
				C19C642D288FEECF00EC39D0 /* Assets.xcassets */,
				C19C642F288FEECF00EC39D0 /* LaunchScreen.storyboard */,
				C19C6432288FEECF00EC39D0 /* Info.plist */,
			);
			path = MapboxTest;
			sourceTree = "<group>";
		};
		C19C643A288FEED000EC39D0 /* MapboxTestTests */ = {
			isa = PBXGroup;
			children = (
				C19C643B288FEED000EC39D0 /* MapboxTestTests.swift */,
			);
			path = MapboxTestTests;
			sourceTree = "<group>";
		};
		C19C6444288FEED000EC39D0 /* MapboxTestUITests */ = {
			isa = PBXGroup;
			children = (
				C19C6445288FEED000EC39D0 /* MapboxTestUITests.swift */,
				C19C6447288FEED000EC39D0 /* MapboxTestUITestsLaunchTests.swift */,
			);
			path = MapboxTestUITests;
			sourceTree = "<group>";
		};
/* End PBXGroup section */

/* Begin PBXNativeTarget section */
		C19C6420288FEECC00EC39D0 /* MapboxTest */ = {
			isa = PBXNativeTarget;
			buildConfigurationList = C19C644B288FEED000EC39D0 /* Build configuration list for PBXNativeTarget "MapboxTest" */;
			buildPhases = (
				C19C641D288FEECC00EC39D0 /* Sources */,
				C19C641E288FEECC00EC39D0 /* Frameworks */,
				C19C641F288FEECC00EC39D0 /* Resources */,
			);
			buildRules = (
			);
			dependencies = (
			);
			name = MapboxTest;
			packageProductDependencies = (
				C19C6455288FF68E00EC39D0 /* MapboxCoreNavigation */,
				C19C6457288FF68E00EC39D0 /* MapboxNavigation */,
			);
			productName = MapboxTest;
			productReference = C19C6421288FEECC00EC39D0 /* MapboxTest.app */;
			productType = "com.apple.product-type.application";
		};
		C19C6436288FEED000EC39D0 /* MapboxTestTests */ = {
			isa = PBXNativeTarget;
			buildConfigurationList = C19C644E288FEED000EC39D0 /* Build configuration list for PBXNativeTarget "MapboxTestTests" */;
			buildPhases = (
				C19C6433288FEED000EC39D0 /* Sources */,
				C19C6434288FEED000EC39D0 /* Frameworks */,
				C19C6435288FEED000EC39D0 /* Resources */,
			);
			buildRules = (
			);
			dependencies = (
				C19C6439288FEED000EC39D0 /* PBXTargetDependency */,
			);
			name = MapboxTestTests;
			productName = MapboxTestTests;
			productReference = C19C6437288FEED000EC39D0 /* MapboxTestTests.xctest */;
			productType = "com.apple.product-type.bundle.unit-test";
		};
		C19C6440288FEED000EC39D0 /* MapboxTestUITests */ = {
			isa = PBXNativeTarget;
			buildConfigurationList = C19C6451288FEED000EC39D0 /* Build configuration list for PBXNativeTarget "MapboxTestUITests" */;
			buildPhases = (
				C19C643D288FEED000EC39D0 /* Sources */,
				C19C643E288FEED000EC39D0 /* Frameworks */,
				C19C643F288FEED000EC39D0 /* Resources */,
			);
			buildRules = (
			);
			dependencies = (
				C19C6443288FEED000EC39D0 /* PBXTargetDependency */,
			);
			name = MapboxTestUITests;
			productName = MapboxTestUITests;
			productReference = C19C6441288FEED000EC39D0 /* MapboxTestUITests.xctest */;
			productType = "com.apple.product-type.bundle.ui-testing";
		};
/* End PBXNativeTarget section */

/* Begin PBXProject section */
		C19C6419288FEECC00EC39D0 /* Project object */ = {
			isa = PBXProject;
			attributes = {
				BuildIndependentTargetsInParallel = 1;
				LastSwiftUpdateCheck = 1340;
				LastUpgradeCheck = 1340;
				TargetAttributes = {
					C19C6420288FEECC00EC39D0 = {
						CreatedOnToolsVersion = 13.4.1;
					};
					C19C6436288FEED000EC39D0 = {
						CreatedOnToolsVersion = 13.4.1;
						TestTargetID = C19C6420288FEECC00EC39D0;
					};
					C19C6440288FEED000EC39D0 = {
						CreatedOnToolsVersion = 13.4.1;
						TestTargetID = C19C6420288FEECC00EC39D0;
					};
				};
			};
			buildConfigurationList = C19C641C288FEECC00EC39D0 /* Build configuration list for PBXProject "MapboxTest" */;
			compatibilityVersion = "Xcode 13.0";
			developmentRegion = en;
			hasScannedForEncodings = 0;
			knownRegions = (
				en,
				Base,
			);
			mainGroup = C19C6418288FEECC00EC39D0;
			packageReferences = (
				C19C6454288FF68D00EC39D0 /* XCRemoteSwiftPackageReference "mapbox-navigation-ios" */,
			);
			productRefGroup = C19C6422288FEECC00EC39D0 /* Products */;
			projectDirPath = "";
			projectRoot = "";
			targets = (
				C19C6420288FEECC00EC39D0 /* MapboxTest */,
				C19C6436288FEED000EC39D0 /* MapboxTestTests */,
				C19C6440288FEED000EC39D0 /* MapboxTestUITests */,
			);
		};
/* End PBXProject section */

/* Begin PBXResourcesBuildPhase section */
		C19C641F288FEECC00EC39D0 /* Resources */ = {
			isa = PBXResourcesBuildPhase;
			buildActionMask = 2147483647;
			files = (
				C19C6431288FEECF00EC39D0 /* LaunchScreen.storyboard in Resources */,
				C19C642E288FEECF00EC39D0 /* Assets.xcassets in Resources */,
				C19C642C288FEECC00EC39D0 /* Main.storyboard in Resources */,
			);
			runOnlyForDeploymentPostprocessing = 0;
		};
		C19C6435288FEED000EC39D0 /* Resources */ = {
			isa = PBXResourcesBuildPhase;
			buildActionMask = 2147483647;
			files = (
			);
			runOnlyForDeploymentPostprocessing = 0;
		};
		C19C643F288FEED000EC39D0 /* Resources */ = {
			isa = PBXResourcesBuildPhase;
			buildActionMask = 2147483647;
			files = (
			);
			runOnlyForDeploymentPostprocessing = 0;
		};
/* End PBXResourcesBuildPhase section */

/* Begin PBXSourcesBuildPhase section */
		C19C641D288FEECC00EC39D0 /* Sources */ = {
			isa = PBXSourcesBuildPhase;
			buildActionMask = 2147483647;
			files = (
				C19C6429288FEECC00EC39D0 /* ViewController.swift in Sources */,
				C19C6425288FEECC00EC39D0 /* AppDelegate.swift in Sources */,
				C19C6427288FEECC00EC39D0 /* SceneDelegate.swift in Sources */,
			);
			runOnlyForDeploymentPostprocessing = 0;
		};
		C19C6433288FEED000EC39D0 /* Sources */ = {
			isa = PBXSourcesBuildPhase;
			buildActionMask = 2147483647;
			files = (
				C19C643C288FEED000EC39D0 /* MapboxTestTests.swift in Sources */,
			);
			runOnlyForDeploymentPostprocessing = 0;
		};
		C19C643D288FEED000EC39D0 /* Sources */ = {
			isa = PBXSourcesBuildPhase;
			buildActionMask = 2147483647;
			files = (
				C19C6446288FEED000EC39D0 /* MapboxTestUITests.swift in Sources */,
				C19C6448288FEED000EC39D0 /* MapboxTestUITestsLaunchTests.swift in Sources */,
			);
			runOnlyForDeploymentPostprocessing = 0;
		};
/* End PBXSourcesBuildPhase section */

/* Begin PBXTargetDependency section */
		C19C6439288FEED000EC39D0 /* PBXTargetDependency */ = {
			isa = PBXTargetDependency;
			target = C19C6420288FEECC00EC39D0 /* MapboxTest */;
			targetProxy = C19C6438288FEED000EC39D0 /* PBXContainerItemProxy */;
		};
		C19C6443288FEED000EC39D0 /* PBXTargetDependency */ = {
			isa = PBXTargetDependency;
			target = C19C6420288FEECC00EC39D0 /* MapboxTest */;
			targetProxy = C19C6442288FEED000EC39D0 /* PBXContainerItemProxy */;
		};
/* End PBXTargetDependency section */

/* Begin PBXVariantGroup section */
		C19C642A288FEECC00EC39D0 /* Main.storyboard */ = {
			isa = PBXVariantGroup;
			children = (
				C19C642B288FEECC00EC39D0 /* Base */,
			);
			name = Main.storyboard;
			sourceTree = "<group>";
		};
		C19C642F288FEECF00EC39D0 /* LaunchScreen.storyboard */ = {
			isa = PBXVariantGroup;
			children = (
				C19C6430288FEECF00EC39D0 /* Base */,
			);
			name = LaunchScreen.storyboard;
			sourceTree = "<group>";
		};
/* End PBXVariantGroup section */

/* Begin XCBuildConfiguration section */
		C19C6449288FEED000EC39D0 /* Debug */ = {
			isa = XCBuildConfiguration;
			buildSettings = {
				ALWAYS_SEARCH_USER_PATHS = NO;
				CLANG_ANALYZER_NONNULL = YES;
				CLANG_ANALYZER_NUMBER_OBJECT_CONVERSION = YES_AGGRESSIVE;
				CLANG_CXX_LANGUAGE_STANDARD = "gnu++17";
				CLANG_ENABLE_MODULES = YES;
				CLANG_ENABLE_OBJC_ARC = YES;
				CLANG_ENABLE_OBJC_WEAK = YES;
				CLANG_WARN_BLOCK_CAPTURE_AUTORELEASING = YES;
				CLANG_WARN_BOOL_CONVERSION = YES;
				CLANG_WARN_COMMA = YES;
				CLANG_WARN_CONSTANT_CONVERSION = YES;
				CLANG_WARN_DEPRECATED_OBJC_IMPLEMENTATIONS = YES;
				CLANG_WARN_DIRECT_OBJC_ISA_USAGE = YES_ERROR;
				CLANG_WARN_DOCUMENTATION_COMMENTS = YES;
				CLANG_WARN_EMPTY_BODY = YES;
				CLANG_WARN_ENUM_CONVERSION = YES;
				CLANG_WARN_INFINITE_RECURSION = YES;
				CLANG_WARN_INT_CONVERSION = YES;
				CLANG_WARN_NON_LITERAL_NULL_CONVERSION = YES;
				CLANG_WARN_OBJC_IMPLICIT_RETAIN_SELF = YES;
				CLANG_WARN_OBJC_LITERAL_CONVERSION = YES;
				CLANG_WARN_OBJC_ROOT_CLASS = YES_ERROR;
				CLANG_WARN_QUOTED_INCLUDE_IN_FRAMEWORK_HEADER = YES;
				CLANG_WARN_RANGE_LOOP_ANALYSIS = YES;
				CLANG_WARN_STRICT_PROTOTYPES = YES;
				CLANG_WARN_SUSPICIOUS_MOVE = YES;
				CLANG_WARN_UNGUARDED_AVAILABILITY = YES_AGGRESSIVE;
				CLANG_WARN_UNREACHABLE_CODE = YES;
				CLANG_WARN__DUPLICATE_METHOD_MATCH = YES;
				COPY_PHASE_STRIP = NO;
				DEBUG_INFORMATION_FORMAT = dwarf;
				ENABLE_STRICT_OBJC_MSGSEND = YES;
				ENABLE_TESTABILITY = YES;
				GCC_C_LANGUAGE_STANDARD = gnu11;
				GCC_DYNAMIC_NO_PIC = NO;
				GCC_NO_COMMON_BLOCKS = YES;
				GCC_OPTIMIZATION_LEVEL = 0;
				GCC_PREPROCESSOR_DEFINITIONS = (
					"DEBUG=1",
					"$(inherited)",
				);
				GCC_WARN_64_TO_32_BIT_CONVERSION = YES;
				GCC_WARN_ABOUT_RETURN_TYPE = YES_ERROR;
				GCC_WARN_UNDECLARED_SELECTOR = YES;
				GCC_WARN_UNINITIALIZED_AUTOS = YES_AGGRESSIVE;
				GCC_WARN_UNUSED_FUNCTION = YES;
				GCC_WARN_UNUSED_VARIABLE = YES;
				IPHONEOS_DEPLOYMENT_TARGET = 15.5;
				MTL_ENABLE_DEBUG_INFO = INCLUDE_SOURCE;
				MTL_FAST_MATH = YES;
				ONLY_ACTIVE_ARCH = YES;
				SDKROOT = iphoneos;
				SWIFT_ACTIVE_COMPILATION_CONDITIONS = DEBUG;
				SWIFT_OPTIMIZATION_LEVEL = "-Onone";
			};
			name = Debug;
		};
		C19C644A288FEED000EC39D0 /* Release */ = {
			isa = XCBuildConfiguration;
			buildSettings = {
				ALWAYS_SEARCH_USER_PATHS = NO;
				CLANG_ANALYZER_NONNULL = YES;
				CLANG_ANALYZER_NUMBER_OBJECT_CONVERSION = YES_AGGRESSIVE;
				CLANG_CXX_LANGUAGE_STANDARD = "gnu++17";
				CLANG_ENABLE_MODULES = YES;
				CLANG_ENABLE_OBJC_ARC = YES;
				CLANG_ENABLE_OBJC_WEAK = YES;
				CLANG_WARN_BLOCK_CAPTURE_AUTORELEASING = YES;
				CLANG_WARN_BOOL_CONVERSION = YES;
				CLANG_WARN_COMMA = YES;
				CLANG_WARN_CONSTANT_CONVERSION = YES;
				CLANG_WARN_DEPRECATED_OBJC_IMPLEMENTATIONS = YES;
				CLANG_WARN_DIRECT_OBJC_ISA_USAGE = YES_ERROR;
				CLANG_WARN_DOCUMENTATION_COMMENTS = YES;
				CLANG_WARN_EMPTY_BODY = YES;
				CLANG_WARN_ENUM_CONVERSION = YES;
				CLANG_WARN_INFINITE_RECURSION = YES;
				CLANG_WARN_INT_CONVERSION = YES;
				CLANG_WARN_NON_LITERAL_NULL_CONVERSION = YES;
				CLANG_WARN_OBJC_IMPLICIT_RETAIN_SELF = YES;
				CLANG_WARN_OBJC_LITERAL_CONVERSION = YES;
				CLANG_WARN_OBJC_ROOT_CLASS = YES_ERROR;
				CLANG_WARN_QUOTED_INCLUDE_IN_FRAMEWORK_HEADER = YES;
				CLANG_WARN_RANGE_LOOP_ANALYSIS = YES;
				CLANG_WARN_STRICT_PROTOTYPES = YES;
				CLANG_WARN_SUSPICIOUS_MOVE = YES;
				CLANG_WARN_UNGUARDED_AVAILABILITY = YES_AGGRESSIVE;
				CLANG_WARN_UNREACHABLE_CODE = YES;
				CLANG_WARN__DUPLICATE_METHOD_MATCH = YES;
				COPY_PHASE_STRIP = NO;
				DEBUG_INFORMATION_FORMAT = "dwarf-with-dsym";
				ENABLE_NS_ASSERTIONS = NO;
				ENABLE_STRICT_OBJC_MSGSEND = YES;
				GCC_C_LANGUAGE_STANDARD = gnu11;
				GCC_NO_COMMON_BLOCKS = YES;
				GCC_WARN_64_TO_32_BIT_CONVERSION = YES;
				GCC_WARN_ABOUT_RETURN_TYPE = YES_ERROR;
				GCC_WARN_UNDECLARED_SELECTOR = YES;
				GCC_WARN_UNINITIALIZED_AUTOS = YES_AGGRESSIVE;
				GCC_WARN_UNUSED_FUNCTION = YES;
				GCC_WARN_UNUSED_VARIABLE = YES;
				IPHONEOS_DEPLOYMENT_TARGET = 15.5;
				MTL_ENABLE_DEBUG_INFO = NO;
				MTL_FAST_MATH = YES;
				SDKROOT = iphoneos;
				SWIFT_COMPILATION_MODE = wholemodule;
				SWIFT_OPTIMIZATION_LEVEL = "-O";
				VALIDATE_PRODUCT = YES;
			};
			name = Release;
		};
		C19C644C288FEED000EC39D0 /* Debug */ = {
			isa = XCBuildConfiguration;
			buildSettings = {
				ASSETCATALOG_COMPILER_APPICON_NAME = AppIcon;
				ASSETCATALOG_COMPILER_GLOBAL_ACCENT_COLOR_NAME = AccentColor;
				CODE_SIGN_STYLE = Automatic;
				CURRENT_PROJECT_VERSION = 1;
				DEVELOPMENT_TEAM = 8Y528CUG5X;
				GENERATE_INFOPLIST_FILE = YES;
				INFOPLIST_FILE = MapboxTest/Info.plist;
				INFOPLIST_KEY_UIApplicationSupportsIndirectInputEvents = YES;
				INFOPLIST_KEY_UILaunchStoryboardName = LaunchScreen;
				INFOPLIST_KEY_UIMainStoryboardFile = Main;
				INFOPLIST_KEY_UISupportedInterfaceOrientations_iPad = "UIInterfaceOrientationPortrait UIInterfaceOrientationPortraitUpsideDown UIInterfaceOrientationLandscapeLeft UIInterfaceOrientationLandscapeRight";
				INFOPLIST_KEY_UISupportedInterfaceOrientations_iPhone = "UIInterfaceOrientationPortrait UIInterfaceOrientationLandscapeLeft UIInterfaceOrientationLandscapeRight";
				LD_RUNPATH_SEARCH_PATHS = (
					"$(inherited)",
					"@executable_path/Frameworks",
				);
				MARKETING_VERSION = 1.0;
				PRODUCT_BUNDLE_IDENTIFIER = com.luvaah.saroj.MapboxTest;
				PRODUCT_NAME = "$(TARGET_NAME)";
				SWIFT_EMIT_LOC_STRINGS = YES;
				SWIFT_VERSION = 5.0;
				TARGETED_DEVICE_FAMILY = "1,2";
			};
			name = Debug;
		};
		C19C644D288FEED000EC39D0 /* Release */ = {
			isa = XCBuildConfiguration;
			buildSettings = {
				ASSETCATALOG_COMPILER_APPICON_NAME = AppIcon;
				ASSETCATALOG_COMPILER_GLOBAL_ACCENT_COLOR_NAME = AccentColor;
				CODE_SIGN_STYLE = Automatic;
				CURRENT_PROJECT_VERSION = 1;
				DEVELOPMENT_TEAM = 8Y528CUG5X;
				GENERATE_INFOPLIST_FILE = YES;
				INFOPLIST_FILE = MapboxTest/Info.plist;
				INFOPLIST_KEY_UIApplicationSupportsIndirectInputEvents = YES;
				INFOPLIST_KEY_UILaunchStoryboardName = LaunchScreen;
				INFOPLIST_KEY_UIMainStoryboardFile = Main;
				INFOPLIST_KEY_UISupportedInterfaceOrientations_iPad = "UIInterfaceOrientationPortrait UIInterfaceOrientationPortraitUpsideDown UIInterfaceOrientationLandscapeLeft UIInterfaceOrientationLandscapeRight";
				INFOPLIST_KEY_UISupportedInterfaceOrientations_iPhone = "UIInterfaceOrientationPortrait UIInterfaceOrientationLandscapeLeft UIInterfaceOrientationLandscapeRight";
				LD_RUNPATH_SEARCH_PATHS = (
					"$(inherited)",
					"@executable_path/Frameworks",
				);
				MARKETING_VERSION = 1.0;
				PRODUCT_BUNDLE_IDENTIFIER = com.luvaah.saroj.MapboxTest;
				PRODUCT_NAME = "$(TARGET_NAME)";
				SWIFT_EMIT_LOC_STRINGS = YES;
				SWIFT_VERSION = 5.0;
				TARGETED_DEVICE_FAMILY = "1,2";
			};
			name = Release;
		};
		C19C644F288FEED000EC39D0 /* Debug */ = {
			isa = XCBuildConfiguration;
			buildSettings = {
				ALWAYS_EMBED_SWIFT_STANDARD_LIBRARIES = YES;
				BUNDLE_LOADER = "$(TEST_HOST)";
				CODE_SIGN_STYLE = Automatic;
				CURRENT_PROJECT_VERSION = 1;
				DEVELOPMENT_TEAM = 8Y528CUG5X;
				GENERATE_INFOPLIST_FILE = YES;
				IPHONEOS_DEPLOYMENT_TARGET = 15.5;
				MARKETING_VERSION = 1.0;
				PRODUCT_BUNDLE_IDENTIFIER = com.luvaah.saroj.MapboxTestTests;
				PRODUCT_NAME = "$(TARGET_NAME)";
				SWIFT_EMIT_LOC_STRINGS = NO;
				SWIFT_VERSION = 5.0;
				TARGETED_DEVICE_FAMILY = "1,2";
				TEST_HOST = "$(BUILT_PRODUCTS_DIR)/MapboxTest.app/MapboxTest";
			};
			name = Debug;
		};
		C19C6450288FEED000EC39D0 /* Release */ = {
			isa = XCBuildConfiguration;
			buildSettings = {
				ALWAYS_EMBED_SWIFT_STANDARD_LIBRARIES = YES;
				BUNDLE_LOADER = "$(TEST_HOST)";
				CODE_SIGN_STYLE = Automatic;
				CURRENT_PROJECT_VERSION = 1;
				DEVELOPMENT_TEAM = 8Y528CUG5X;
				GENERATE_INFOPLIST_FILE = YES;
				IPHONEOS_DEPLOYMENT_TARGET = 15.5;
				MARKETING_VERSION = 1.0;
				PRODUCT_BUNDLE_IDENTIFIER = com.luvaah.saroj.MapboxTestTests;
				PRODUCT_NAME = "$(TARGET_NAME)";
				SWIFT_EMIT_LOC_STRINGS = NO;
				SWIFT_VERSION = 5.0;
				TARGETED_DEVICE_FAMILY = "1,2";
				TEST_HOST = "$(BUILT_PRODUCTS_DIR)/MapboxTest.app/MapboxTest";
			};
			name = Release;
		};
		C19C6452288FEED000EC39D0 /* Debug */ = {
			isa = XCBuildConfiguration;
			buildSettings = {
				ALWAYS_EMBED_SWIFT_STANDARD_LIBRARIES = YES;
				CODE_SIGN_STYLE = Automatic;
				CURRENT_PROJECT_VERSION = 1;
				DEVELOPMENT_TEAM = 8Y528CUG5X;
				GENERATE_INFOPLIST_FILE = YES;
				MARKETING_VERSION = 1.0;
				PRODUCT_BUNDLE_IDENTIFIER = com.luvaah.saroj.MapboxTestUITests;
				PRODUCT_NAME = "$(TARGET_NAME)";
				SWIFT_EMIT_LOC_STRINGS = NO;
				SWIFT_VERSION = 5.0;
				TARGETED_DEVICE_FAMILY = "1,2";
				TEST_TARGET_NAME = MapboxTest;
			};
			name = Debug;
		};
		C19C6453288FEED000EC39D0 /* Release */ = {
			isa = XCBuildConfiguration;
			buildSettings = {
				ALWAYS_EMBED_SWIFT_STANDARD_LIBRARIES = YES;
				CODE_SIGN_STYLE = Automatic;
				CURRENT_PROJECT_VERSION = 1;
				DEVELOPMENT_TEAM = 8Y528CUG5X;
				GENERATE_INFOPLIST_FILE = YES;
				MARKETING_VERSION = 1.0;
				PRODUCT_BUNDLE_IDENTIFIER = com.luvaah.saroj.MapboxTestUITests;
				PRODUCT_NAME = "$(TARGET_NAME)";
				SWIFT_EMIT_LOC_STRINGS = NO;
				SWIFT_VERSION = 5.0;
				TARGETED_DEVICE_FAMILY = "1,2";
				TEST_TARGET_NAME = MapboxTest;
			};
			name = Release;
		};
/* End XCBuildConfiguration section */

/* Begin XCConfigurationList section */
		C19C641C288FEECC00EC39D0 /* Build configuration list for PBXProject "MapboxTest" */ = {
			isa = XCConfigurationList;
			buildConfigurations = (
				C19C6449288FEED000EC39D0 /* Debug */,
				C19C644A288FEED000EC39D0 /* Release */,
			);
			defaultConfigurationIsVisible = 0;
			defaultConfigurationName = Release;
		};
		C19C644B288FEED000EC39D0 /* Build configuration list for PBXNativeTarget "MapboxTest" */ = {
			isa = XCConfigurationList;
			buildConfigurations = (
				C19C644C288FEED000EC39D0 /* Debug */,
				C19C644D288FEED000EC39D0 /* Release */,
			);
			defaultConfigurationIsVisible = 0;
			defaultConfigurationName = Release;
		};
		C19C644E288FEED000EC39D0 /* Build configuration list for PBXNativeTarget "MapboxTestTests" */ = {
			isa = XCConfigurationList;
			buildConfigurations = (
				C19C644F288FEED000EC39D0 /* Debug */,
				C19C6450288FEED000EC39D0 /* Release */,
			);
			defaultConfigurationIsVisible = 0;
			defaultConfigurationName = Release;
		};
		C19C6451288FEED000EC39D0 /* Build configuration list for PBXNativeTarget "MapboxTestUITests" */ = {
			isa = XCConfigurationList;
			buildConfigurations = (
				C19C6452288FEED000EC39D0 /* Debug */,
				C19C6453288FEED000EC39D0 /* Release */,
			);
			defaultConfigurationIsVisible = 0;
			defaultConfigurationName = Release;
		};
/* End XCConfigurationList section */

/* Begin XCRemoteSwiftPackageReference section */
		C19C6454288FF68D00EC39D0 /* XCRemoteSwiftPackageReference "mapbox-navigation-ios" */ = {
			isa = XCRemoteSwiftPackageReference;
			repositoryURL = "https://github.com/mapbox/mapbox-navigation-ios.git";
			requirement = {
				branch = main;
				kind = branch;
			};
		};
/* End XCRemoteSwiftPackageReference section */

/* Begin XCSwiftPackageProductDependency section */
		C19C6455288FF68E00EC39D0 /* MapboxCoreNavigation */ = {
			isa = XCSwiftPackageProductDependency;
			package = C19C6454288FF68D00EC39D0 /* XCRemoteSwiftPackageReference "mapbox-navigation-ios" */;
			productName = MapboxCoreNavigation;
		};
		C19C6457288FF68E00EC39D0 /* MapboxNavigation */ = {
			isa = XCSwiftPackageProductDependency;
			package = C19C6454288FF68D00EC39D0 /* XCRemoteSwiftPackageReference "mapbox-navigation-ios" */;
			productName = MapboxNavigation;
		};
/* End XCSwiftPackageProductDependency section */
	};
	rootObject = C19C6419288FEECC00EC39D0 /* Project object */;
}
